// !$*UTF8*$!
{
	archiveVersion = 1;
	classes = {
	};
	objectVersion = 46;
	objects = {

/* Begin PBXAggregateTarget section */
		995319571B0A26CD0021704F /* AUUKitAggregate */ = {
			isa = PBXAggregateTarget;
			buildConfigurationList = 9953195A1B0A26CD0021704F /* Build configuration list for PBXAggregateTarget "AUUKitAggregate" */;
			buildPhases = (
				9953195B1B0A26E60021704F /* ShellScript */,
			);
			dependencies = (
			);
			name = AUUKitAggregate;
			productName = AUUKitAggregate;
		};
/* End PBXAggregateTarget section */

/* Begin PBXBuildFile section */
		9961595B1B14B787009CD275 /* CoreGraphics.framework in Frameworks */ = {isa = PBXBuildFile; fileRef = 9961595A1B14B787009CD275 /* CoreGraphics.framework */; };
		997F32821B6E6DC3000B3F6A /* AUUDebug.h in Headers */ = {isa = PBXBuildFile; fileRef = 997F324B1B6E6DC3000B3F6A /* AUUDebug.h */; };
		997F32831B6E6DC3000B3F6A /* AUUColor.h in Headers */ = {isa = PBXBuildFile; fileRef = 997F324D1B6E6DC3000B3F6A /* AUUColor.h */; };
		997F32841B6E6DC3000B3F6A /* AUUColor.m in Sources */ = {isa = PBXBuildFile; fileRef = 997F324E1B6E6DC3000B3F6A /* AUUColor.m */; };
		997F32851B6E6DC3000B3F6A /* AUUHandleView.h in Headers */ = {isa = PBXBuildFile; fileRef = 997F324F1B6E6DC3000B3F6A /* AUUHandleView.h */; };
		997F32861B6E6DC3000B3F6A /* AUUHandleView.m in Sources */ = {isa = PBXBuildFile; fileRef = 997F32501B6E6DC3000B3F6A /* AUUHandleView.m */; };
		997F32871B6E6DC3000B3F6A /* AUUImage.h in Headers */ = {isa = PBXBuildFile; fileRef = 997F32511B6E6DC3000B3F6A /* AUUImage.h */; };
		997F32881B6E6DC3000B3F6A /* AUUImage.m in Sources */ = {isa = PBXBuildFile; fileRef = 997F32521B6E6DC3000B3F6A /* AUUImage.m */; };
		997F32891B6E6DC3000B3F6A /* AUUImageView.h in Headers */ = {isa = PBXBuildFile; fileRef = 997F32531B6E6DC3000B3F6A /* AUUImageView.h */; };
		997F328A1B6E6DC3000B3F6A /* AUUImageView.m in Sources */ = {isa = PBXBuildFile; fileRef = 997F32541B6E6DC3000B3F6A /* AUUImageView.m */; };
		997F328B1B6E6DC3000B3F6A /* AUULabel.h in Headers */ = {isa = PBXBuildFile; fileRef = 997F32551B6E6DC3000B3F6A /* AUULabel.h */; };
		997F328C1B6E6DC3000B3F6A /* AUULabel.m in Sources */ = {isa = PBXBuildFile; fileRef = 997F32561B6E6DC3000B3F6A /* AUULabel.m */; };
		997F328D1B6E6DC3000B3F6A /* AUUPlotView.h in Headers */ = {isa = PBXBuildFile; fileRef = 997F32571B6E6DC3000B3F6A /* AUUPlotView.h */; };
		997F328E1B6E6DC3000B3F6A /* AUUPlotView.m in Sources */ = {isa = PBXBuildFile; fileRef = 997F32581B6E6DC3000B3F6A /* AUUPlotView.m */; };
		997F328F1B6E6DC3000B3F6A /* AUUView.h in Headers */ = {isa = PBXBuildFile; fileRef = 997F32591B6E6DC3000B3F6A /* AUUView.h */; };
		997F32901B6E6DC3000B3F6A /* AUUView.m in Sources */ = {isa = PBXBuildFile; fileRef = 997F325A1B6E6DC3000B3F6A /* AUUView.m */; };
		997F32911B6E6DC3000B3F6A /* AUUKit.h in Headers */ = {isa = PBXBuildFile; fileRef = 997F325B1B6E6DC3000B3F6A /* AUUKit.h */; };
		997F32921B6E6DC3000B3F6A /* AUUMacro.h in Headers */ = {isa = PBXBuildFile; fileRef = 997F325C1B6E6DC3000B3F6A /* AUUMacro.h */; };
		997F32931B6E6DC3000B3F6A /* AUUNotes.h in Headers */ = {isa = PBXBuildFile; fileRef = 997F325D1B6E6DC3000B3F6A /* AUUNotes.h */; };
		997F32941B6E6DC3000B3F6A /* AUUArray.h in Headers */ = {isa = PBXBuildFile; fileRef = 997F325F1B6E6DC3000B3F6A /* AUUArray.h */; };
		997F32951B6E6DC3000B3F6A /* AUUArray.m in Sources */ = {isa = PBXBuildFile; fileRef = 997F32601B6E6DC3000B3F6A /* AUUArray.m */; };
		997F32961B6E6DC3000B3F6A /* AUUDate.h in Headers */ = {isa = PBXBuildFile; fileRef = 997F32611B6E6DC3000B3F6A /* AUUDate.h */; };
		997F32971B6E6DC3000B3F6A /* AUUDate.m in Sources */ = {isa = PBXBuildFile; fileRef = 997F32621B6E6DC3000B3F6A /* AUUDate.m */; };
		997F32981B6E6DC3000B3F6A /* AUUJSONAdaptor.h in Headers */ = {isa = PBXBuildFile; fileRef = 997F32631B6E6DC3000B3F6A /* AUUJSONAdaptor.h */; };
		997F32991B6E6DC3000B3F6A /* AUUJSONAdaptor.m in Sources */ = {isa = PBXBuildFile; fileRef = 997F32641B6E6DC3000B3F6A /* AUUJSONAdaptor.m */; };
		997F329A1B6E6DC3000B3F6A /* AUUMutableArray.h in Headers */ = {isa = PBXBuildFile; fileRef = 997F32651B6E6DC3000B3F6A /* AUUMutableArray.h */; };
		997F329B1B6E6DC3000B3F6A /* AUUMutableArray.m in Sources */ = {isa = PBXBuildFile; fileRef = 997F32661B6E6DC3000B3F6A /* AUUMutableArray.m */; };
		997F329C1B6E6DC3000B3F6A /* AUUNumber.h in Headers */ = {isa = PBXBuildFile; fileRef = 997F32671B6E6DC3000B3F6A /* AUUNumber.h */; };
		997F329D1B6E6DC3000B3F6A /* AUUNumber.m in Sources */ = {isa = PBXBuildFile; fileRef = 997F32681B6E6DC3000B3F6A /* AUUNumber.m */; };
		997F329E1B6E6DC3000B3F6A /* AUUString.h in Headers */ = {isa = PBXBuildFile; fileRef = 997F32691B6E6DC3000B3F6A /* AUUString.h */; };
		997F329F1B6E6DC3000B3F6A /* AUUString.m in Sources */ = {isa = PBXBuildFile; fileRef = 997F326A1B6E6DC3000B3F6A /* AUUString.m */; };
		997F32A01B6E6DC3000B3F6A /* AUUStorage.h in Headers */ = {isa = PBXBuildFile; fileRef = 997F326B1B6E6DC3000B3F6A /* AUUStorage.h */; };
		997F32A11B6E6DC3000B3F6A /* AUUStorage.m in Sources */ = {isa = PBXBuildFile; fileRef = 997F326C1B6E6DC3000B3F6A /* AUUStorage.m */; };
		997F32A21B6E6DC3000B3F6A /* AUUDataEncryption.h in Headers */ = {isa = PBXBuildFile; fileRef = 997F326E1B6E6DC3000B3F6A /* AUUDataEncryption.h */; };
		997F32A31B6E6DC3000B3F6A /* AUUDataEncryption.m in Sources */ = {isa = PBXBuildFile; fileRef = 997F326F1B6E6DC3000B3F6A /* AUUDataEncryption.m */; };
		997F32A41B6E6DC3000B3F6A /* AUUStringEncryption.h in Headers */ = {isa = PBXBuildFile; fileRef = 997F32701B6E6DC3000B3F6A /* AUUStringEncryption.h */; };
		997F32A51B6E6DC3000B3F6A /* AUUStringEncryption.m in Sources */ = {isa = PBXBuildFile; fileRef = 997F32711B6E6DC3000B3F6A /* AUUStringEncryption.m */; };
		997F32A61B6E6DC3000B3F6A /* AUUImageViewSyncCache.h in Headers */ = {isa = PBXBuildFile; fileRef = 997F32731B6E6DC3000B3F6A /* AUUImageViewSyncCache.h */; };
		997F32A71B6E6DC3000B3F6A /* AUUImageViewSyncCache.m in Sources */ = {isa = PBXBuildFile; fileRef = 997F32741B6E6DC3000B3F6A /* AUUImageViewSyncCache.m */; };
		997F32A81B6E6DC3000B3F6A /* AUUNetworkHandler.h in Headers */ = {isa = PBXBuildFile; fileRef = 997F32751B6E6DC3000B3F6A /* AUUNetworkHandler.h */; };
		997F32A91B6E6DC3000B3F6A /* AUUNetworkHandler.m in Sources */ = {isa = PBXBuildFile; fileRef = 997F32761B6E6DC3000B3F6A /* AUUNetworkHandler.m */; };
		997F32AA1B6E6DC3000B3F6A /* AUUURLOperation.h in Headers */ = {isa = PBXBuildFile; fileRef = 997F32771B6E6DC3000B3F6A /* AUUURLOperation.h */; };
		997F32AB1B6E6DC3000B3F6A /* AUUURLOperation.m in Sources */ = {isa = PBXBuildFile; fileRef = 997F32781B6E6DC3000B3F6A /* AUUURLOperation.m */; };
		997F32AC1B6E6DC3000B3F6A /* AUUIndicator.h in Headers */ = {isa = PBXBuildFile; fileRef = 997F327A1B6E6DC3000B3F6A /* AUUIndicator.h */; };
		997F32AD1B6E6DC3000B3F6A /* AUUIndicator.m in Sources */ = {isa = PBXBuildFile; fileRef = 997F327B1B6E6DC3000B3F6A /* AUUIndicator.m */; };
		997F32AE1B6E6DC3000B3F6A /* AUULaunchGuidView.h in Headers */ = {isa = PBXBuildFile; fileRef = 997F327C1B6E6DC3000B3F6A /* AUULaunchGuidView.h */; };
		997F32AF1B6E6DC3000B3F6A /* AUULaunchGuidView.m in Sources */ = {isa = PBXBuildFile; fileRef = 997F327D1B6E6DC3000B3F6A /* AUULaunchGuidView.m */; };
		997F32B01B6E6DC3000B3F6A /* AUUPopView.h in Headers */ = {isa = PBXBuildFile; fileRef = 997F327E1B6E6DC3000B3F6A /* AUUPopView.h */; };
		997F32B11B6E6DC3000B3F6A /* AUUPopView.m in Sources */ = {isa = PBXBuildFile; fileRef = 997F327F1B6E6DC3000B3F6A /* AUUPopView.m */; };
		997F32B21B6E6DC3000B3F6A /* AUUProgressIndicator.h in Headers */ = {isa = PBXBuildFile; fileRef = 997F32801B6E6DC3000B3F6A /* AUUProgressIndicator.h */; };
		997F32B31B6E6DC3000B3F6A /* AUUProgressIndicator.m in Sources */ = {isa = PBXBuildFile; fileRef = 997F32811B6E6DC3000B3F6A /* AUUProgressIndicator.m */; };
		9991B0411B0A22DC00EC3210 /* AUUKit.framework in Frameworks */ = {isa = PBXBuildFile; fileRef = 9991B0351B0A22DC00EC3210 /* AUUKit.framework */; };
		9991B0481B0A22DC00EC3210 /* AUUKitTests.m in Sources */ = {isa = PBXBuildFile; fileRef = 9991B0471B0A22DC00EC3210 /* AUUKitTests.m */; };
/* End PBXBuildFile section */

/* Begin PBXContainerItemProxy section */
		9991B0421B0A22DC00EC3210 /* PBXContainerItemProxy */ = {
			isa = PBXContainerItemProxy;
			containerPortal = 9991B02C1B0A22DC00EC3210 /* Project object */;
			proxyType = 1;
			remoteGlobalIDString = 9991B0341B0A22DC00EC3210;
			remoteInfo = AUUKit;
		};
/* End PBXContainerItemProxy section */

/* Begin PBXFileReference section */
		9961595A1B14B787009CD275 /* CoreGraphics.framework */ = {isa = PBXFileReference; lastKnownFileType = wrapper.framework; name = CoreGraphics.framework; path = System/Library/Frameworks/CoreGraphics.framework; sourceTree = SDKROOT; };
		997F324B1B6E6DC3000B3F6A /* AUUDebug.h */ = {isa = PBXFileReference; fileEncoding = 4; lastKnownFileType = sourcecode.c.h; path = AUUDebug.h; sourceTree = "<group>"; };
		997F324D1B6E6DC3000B3F6A /* AUUColor.h */ = {isa = PBXFileReference; fileEncoding = 4; lastKnownFileType = sourcecode.c.h; path = AUUColor.h; sourceTree = "<group>"; };
		997F324E1B6E6DC3000B3F6A /* AUUColor.m */ = {isa = PBXFileReference; fileEncoding = 4; lastKnownFileType = sourcecode.c.objc; path = AUUColor.m; sourceTree = "<group>"; };
		997F324F1B6E6DC3000B3F6A /* AUUHandleView.h */ = {isa = PBXFileReference; fileEncoding = 4; lastKnownFileType = sourcecode.c.h; path = AUUHandleView.h; sourceTree = "<group>"; };
		997F32501B6E6DC3000B3F6A /* AUUHandleView.m */ = {isa = PBXFileReference; fileEncoding = 4; lastKnownFileType = sourcecode.c.objc; path = AUUHandleView.m; sourceTree = "<group>"; };
		997F32511B6E6DC3000B3F6A /* AUUImage.h */ = {isa = PBXFileReference; fileEncoding = 4; lastKnownFileType = sourcecode.c.h; path = AUUImage.h; sourceTree = "<group>"; };
		997F32521B6E6DC3000B3F6A /* AUUImage.m */ = {isa = PBXFileReference; fileEncoding = 4; lastKnownFileType = sourcecode.c.objc; path = AUUImage.m; sourceTree = "<group>"; };
		997F32531B6E6DC3000B3F6A /* AUUImageView.h */ = {isa = PBXFileReference; fileEncoding = 4; lastKnownFileType = sourcecode.c.h; path = AUUImageView.h; sourceTree = "<group>"; };
		997F32541B6E6DC3000B3F6A /* AUUImageView.m */ = {isa = PBXFileReference; fileEncoding = 4; lastKnownFileType = sourcecode.c.objc; path = AUUImageView.m; sourceTree = "<group>"; };
		997F32551B6E6DC3000B3F6A /* AUULabel.h */ = {isa = PBXFileReference; fileEncoding = 4; lastKnownFileType = sourcecode.c.h; path = AUULabel.h; sourceTree = "<group>"; };
		997F32561B6E6DC3000B3F6A /* AUULabel.m */ = {isa = PBXFileReference; fileEncoding = 4; lastKnownFileType = sourcecode.c.objc; path = AUULabel.m; sourceTree = "<group>"; };
		997F32571B6E6DC3000B3F6A /* AUUPlotView.h */ = {isa = PBXFileReference; fileEncoding = 4; lastKnownFileType = sourcecode.c.h; path = AUUPlotView.h; sourceTree = "<group>"; };
		997F32581B6E6DC3000B3F6A /* AUUPlotView.m */ = {isa = PBXFileReference; fileEncoding = 4; lastKnownFileType = sourcecode.c.objc; path = AUUPlotView.m; sourceTree = "<group>"; };
		997F32591B6E6DC3000B3F6A /* AUUView.h */ = {isa = PBXFileReference; fileEncoding = 4; lastKnownFileType = sourcecode.c.h; path = AUUView.h; sourceTree = "<group>"; };
		997F325A1B6E6DC3000B3F6A /* AUUView.m */ = {isa = PBXFileReference; fileEncoding = 4; lastKnownFileType = sourcecode.c.objc; path = AUUView.m; sourceTree = "<group>"; };
		997F325B1B6E6DC3000B3F6A /* AUUKit.h */ = {isa = PBXFileReference; fileEncoding = 4; lastKnownFileType = sourcecode.c.h; path = AUUKit.h; sourceTree = "<group>"; };
		997F325C1B6E6DC3000B3F6A /* AUUMacro.h */ = {isa = PBXFileReference; fileEncoding = 4; lastKnownFileType = sourcecode.c.h; path = AUUMacro.h; sourceTree = "<group>"; };
		997F325D1B6E6DC3000B3F6A /* AUUNotes.h */ = {isa = PBXFileReference; fileEncoding = 4; lastKnownFileType = sourcecode.c.h; path = AUUNotes.h; sourceTree = "<group>"; };
		997F325F1B6E6DC3000B3F6A /* AUUArray.h */ = {isa = PBXFileReference; fileEncoding = 4; lastKnownFileType = sourcecode.c.h; path = AUUArray.h; sourceTree = "<group>"; };
		997F32601B6E6DC3000B3F6A /* AUUArray.m */ = {isa = PBXFileReference; fileEncoding = 4; lastKnownFileType = sourcecode.c.objc; path = AUUArray.m; sourceTree = "<group>"; };
		997F32611B6E6DC3000B3F6A /* AUUDate.h */ = {isa = PBXFileReference; fileEncoding = 4; lastKnownFileType = sourcecode.c.h; path = AUUDate.h; sourceTree = "<group>"; };
		997F32621B6E6DC3000B3F6A /* AUUDate.m */ = {isa = PBXFileReference; fileEncoding = 4; lastKnownFileType = sourcecode.c.objc; path = AUUDate.m; sourceTree = "<group>"; };
		997F32631B6E6DC3000B3F6A /* AUUJSONAdaptor.h */ = {isa = PBXFileReference; fileEncoding = 4; lastKnownFileType = sourcecode.c.h; path = AUUJSONAdaptor.h; sourceTree = "<group>"; };
		997F32641B6E6DC3000B3F6A /* AUUJSONAdaptor.m */ = {isa = PBXFileReference; fileEncoding = 4; lastKnownFileType = sourcecode.c.objc; path = AUUJSONAdaptor.m; sourceTree = "<group>"; };
		997F32651B6E6DC3000B3F6A /* AUUMutableArray.h */ = {isa = PBXFileReference; fileEncoding = 4; lastKnownFileType = sourcecode.c.h; path = AUUMutableArray.h; sourceTree = "<group>"; };
		997F32661B6E6DC3000B3F6A /* AUUMutableArray.m */ = {isa = PBXFileReference; fileEncoding = 4; lastKnownFileType = sourcecode.c.objc; path = AUUMutableArray.m; sourceTree = "<group>"; };
		997F32671B6E6DC3000B3F6A /* AUUNumber.h */ = {isa = PBXFileReference; fileEncoding = 4; lastKnownFileType = sourcecode.c.h; path = AUUNumber.h; sourceTree = "<group>"; };
		997F32681B6E6DC3000B3F6A /* AUUNumber.m */ = {isa = PBXFileReference; fileEncoding = 4; lastKnownFileType = sourcecode.c.objc; path = AUUNumber.m; sourceTree = "<group>"; };
		997F32691B6E6DC3000B3F6A /* AUUString.h */ = {isa = PBXFileReference; fileEncoding = 4; lastKnownFileType = sourcecode.c.h; path = AUUString.h; sourceTree = "<group>"; };
		997F326A1B6E6DC3000B3F6A /* AUUString.m */ = {isa = PBXFileReference; fileEncoding = 4; lastKnownFileType = sourcecode.c.objc; path = AUUString.m; sourceTree = "<group>"; };
		997F326B1B6E6DC3000B3F6A /* AUUStorage.h */ = {isa = PBXFileReference; fileEncoding = 4; lastKnownFileType = sourcecode.c.h; path = AUUStorage.h; sourceTree = "<group>"; };
		997F326C1B6E6DC3000B3F6A /* AUUStorage.m */ = {isa = PBXFileReference; fileEncoding = 4; lastKnownFileType = sourcecode.c.objc; path = AUUStorage.m; sourceTree = "<group>"; };
		997F326E1B6E6DC3000B3F6A /* AUUDataEncryption.h */ = {isa = PBXFileReference; fileEncoding = 4; lastKnownFileType = sourcecode.c.h; path = AUUDataEncryption.h; sourceTree = "<group>"; };
		997F326F1B6E6DC3000B3F6A /* AUUDataEncryption.m */ = {isa = PBXFileReference; fileEncoding = 4; lastKnownFileType = sourcecode.c.objc; path = AUUDataEncryption.m; sourceTree = "<group>"; };
		997F32701B6E6DC3000B3F6A /* AUUStringEncryption.h */ = {isa = PBXFileReference; fileEncoding = 4; lastKnownFileType = sourcecode.c.h; path = AUUStringEncryption.h; sourceTree = "<group>"; };
		997F32711B6E6DC3000B3F6A /* AUUStringEncryption.m */ = {isa = PBXFileReference; fileEncoding = 4; lastKnownFileType = sourcecode.c.objc; path = AUUStringEncryption.m; sourceTree = "<group>"; };
		997F32731B6E6DC3000B3F6A /* AUUImageViewSyncCache.h */ = {isa = PBXFileReference; fileEncoding = 4; lastKnownFileType = sourcecode.c.h; path = AUUImageViewSyncCache.h; sourceTree = "<group>"; };
		997F32741B6E6DC3000B3F6A /* AUUImageViewSyncCache.m */ = {isa = PBXFileReference; fileEncoding = 4; lastKnownFileType = sourcecode.c.objc; path = AUUImageViewSyncCache.m; sourceTree = "<group>"; };
		997F32751B6E6DC3000B3F6A /* AUUNetworkHandler.h */ = {isa = PBXFileReference; fileEncoding = 4; lastKnownFileType = sourcecode.c.h; path = AUUNetworkHandler.h; sourceTree = "<group>"; };
		997F32761B6E6DC3000B3F6A /* AUUNetworkHandler.m */ = {isa = PBXFileReference; fileEncoding = 4; lastKnownFileType = sourcecode.c.objc; path = AUUNetworkHandler.m; sourceTree = "<group>"; };
		997F32771B6E6DC3000B3F6A /* AUUURLOperation.h */ = {isa = PBXFileReference; fileEncoding = 4; lastKnownFileType = sourcecode.c.h; path = AUUURLOperation.h; sourceTree = "<group>"; };
		997F32781B6E6DC3000B3F6A /* AUUURLOperation.m */ = {isa = PBXFileReference; fileEncoding = 4; lastKnownFileType = sourcecode.c.objc; path = AUUURLOperation.m; sourceTree = "<group>"; };
		997F327A1B6E6DC3000B3F6A /* AUUIndicator.h */ = {isa = PBXFileReference; fileEncoding = 4; lastKnownFileType = sourcecode.c.h; path = AUUIndicator.h; sourceTree = "<group>"; };
		997F327B1B6E6DC3000B3F6A /* AUUIndicator.m */ = {isa = PBXFileReference; fileEncoding = 4; lastKnownFileType = sourcecode.c.objc; path = AUUIndicator.m; sourceTree = "<group>"; };
		997F327C1B6E6DC3000B3F6A /* AUULaunchGuidView.h */ = {isa = PBXFileReference; fileEncoding = 4; lastKnownFileType = sourcecode.c.h; path = AUULaunchGuidView.h; sourceTree = "<group>"; };
		997F327D1B6E6DC3000B3F6A /* AUULaunchGuidView.m */ = {isa = PBXFileReference; fileEncoding = 4; lastKnownFileType = sourcecode.c.objc; path = AUULaunchGuidView.m; sourceTree = "<group>"; };
		997F327E1B6E6DC3000B3F6A /* AUUPopView.h */ = {isa = PBXFileReference; fileEncoding = 4; lastKnownFileType = sourcecode.c.h; path = AUUPopView.h; sourceTree = "<group>"; };
		997F327F1B6E6DC3000B3F6A /* AUUPopView.m */ = {isa = PBXFileReference; fileEncoding = 4; lastKnownFileType = sourcecode.c.objc; path = AUUPopView.m; sourceTree = "<group>"; };
		997F32801B6E6DC3000B3F6A /* AUUProgressIndicator.h */ = {isa = PBXFileReference; fileEncoding = 4; lastKnownFileType = sourcecode.c.h; path = AUUProgressIndicator.h; sourceTree = "<group>"; };
		997F32811B6E6DC3000B3F6A /* AUUProgressIndicator.m */ = {isa = PBXFileReference; fileEncoding = 4; lastKnownFileType = sourcecode.c.objc; path = AUUProgressIndicator.m; sourceTree = "<group>"; };
		9991B0351B0A22DC00EC3210 /* AUUKit.framework */ = {isa = PBXFileReference; explicitFileType = wrapper.framework; includeInIndex = 0; path = AUUKit.framework; sourceTree = BUILT_PRODUCTS_DIR; };
		9991B0391B0A22DC00EC3210 /* Info.plist */ = {isa = PBXFileReference; lastKnownFileType = text.plist.xml; path = Info.plist; sourceTree = "<group>"; };
		9991B0401B0A22DC00EC3210 /* AUUKitTests.xctest */ = {isa = PBXFileReference; explicitFileType = wrapper.cfbundle; includeInIndex = 0; path = AUUKitTests.xctest; sourceTree = BUILT_PRODUCTS_DIR; };
		9991B0461B0A22DC00EC3210 /* Info.plist */ = {isa = PBXFileReference; lastKnownFileType = text.plist.xml; path = Info.plist; sourceTree = "<group>"; };
		9991B0471B0A22DC00EC3210 /* AUUKitTests.m */ = {isa = PBXFileReference; lastKnownFileType = sourcecode.c.objc; path = AUUKitTests.m; sourceTree = "<group>"; };
		C95922781B0AD50400B9D1A3 /* AUUKit.pch */ = {isa = PBXFileReference; lastKnownFileType = sourcecode.c.h; path = AUUKit.pch; sourceTree = "<group>"; };
/* End PBXFileReference section */

/* Begin PBXFrameworksBuildPhase section */
		9991B0311B0A22DC00EC3210 /* Frameworks */ = {
			isa = PBXFrameworksBuildPhase;
			buildActionMask = 2147483647;
			files = (
				9961595B1B14B787009CD275 /* CoreGraphics.framework in Frameworks */,
			);
			runOnlyForDeploymentPostprocessing = 0;
		};
		9991B03D1B0A22DC00EC3210 /* Frameworks */ = {
			isa = PBXFrameworksBuildPhase;
			buildActionMask = 2147483647;
			files = (
				9991B0411B0A22DC00EC3210 /* AUUKit.framework in Frameworks */,
			);
			runOnlyForDeploymentPostprocessing = 0;
		};
/* End PBXFrameworksBuildPhase section */

/* Begin PBXGroup section */
		996159591B14B771009CD275 /* Frameworks */ = {
			isa = PBXGroup;
			children = (
				9961595A1B14B787009CD275 /* CoreGraphics.framework */,
			);
			name = Frameworks;
			sourceTree = "<group>";
		};
		997F324A1B6E6DC3000B3F6A /* AUUKit */ = {
			isa = PBXGroup;
			children = (
				997F324B1B6E6DC3000B3F6A /* AUUDebug.h */,
				997F324C1B6E6DC3000B3F6A /* AUUKit */,
				997F325B1B6E6DC3000B3F6A /* AUUKit.h */,
				997F325C1B6E6DC3000B3F6A /* AUUMacro.h */,
				997F325D1B6E6DC3000B3F6A /* AUUNotes.h */,
				997F325E1B6E6DC3000B3F6A /* AUUObject */,
				997F326B1B6E6DC3000B3F6A /* AUUStorage.h */,
				997F326C1B6E6DC3000B3F6A /* AUUStorage.m */,
				997F326D1B6E6DC3000B3F6A /* Encryption */,
				997F32721B6E6DC3000B3F6A /* Network */,
				997F32791B6E6DC3000B3F6A /* Widget */,
			);
			path = AUUKit;
			sourceTree = "<group>";
		};
		997F324C1B6E6DC3000B3F6A /* AUUKit */ = {
			isa = PBXGroup;
			children = (
				997F324D1B6E6DC3000B3F6A /* AUUColor.h */,
				997F324E1B6E6DC3000B3F6A /* AUUColor.m */,
				997F324F1B6E6DC3000B3F6A /* AUUHandleView.h */,
				997F32501B6E6DC3000B3F6A /* AUUHandleView.m */,
				997F32511B6E6DC3000B3F6A /* AUUImage.h */,
				997F32521B6E6DC3000B3F6A /* AUUImage.m */,
				997F32531B6E6DC3000B3F6A /* AUUImageView.h */,
				997F32541B6E6DC3000B3F6A /* AUUImageView.m */,
				997F32551B6E6DC3000B3F6A /* AUULabel.h */,
				997F32561B6E6DC3000B3F6A /* AUULabel.m */,
				997F32571B6E6DC3000B3F6A /* AUUPlotView.h */,
				997F32581B6E6DC3000B3F6A /* AUUPlotView.m */,
				997F32591B6E6DC3000B3F6A /* AUUView.h */,
				997F325A1B6E6DC3000B3F6A /* AUUView.m */,
			);
			path = AUUKit;
			sourceTree = "<group>";
		};
		997F325E1B6E6DC3000B3F6A /* AUUObject */ = {
			isa = PBXGroup;
			children = (
				997F325F1B6E6DC3000B3F6A /* AUUArray.h */,
				997F32601B6E6DC3000B3F6A /* AUUArray.m */,
				997F32611B6E6DC3000B3F6A /* AUUDate.h */,
				997F32621B6E6DC3000B3F6A /* AUUDate.m */,
				997F32631B6E6DC3000B3F6A /* AUUJSONAdaptor.h */,
				997F32641B6E6DC3000B3F6A /* AUUJSONAdaptor.m */,
				997F32651B6E6DC3000B3F6A /* AUUMutableArray.h */,
				997F32661B6E6DC3000B3F6A /* AUUMutableArray.m */,
				997F32671B6E6DC3000B3F6A /* AUUNumber.h */,
				997F32681B6E6DC3000B3F6A /* AUUNumber.m */,
				997F32691B6E6DC3000B3F6A /* AUUString.h */,
				997F326A1B6E6DC3000B3F6A /* AUUString.m */,
			);
			path = AUUObject;
			sourceTree = "<group>";
		};
		997F326D1B6E6DC3000B3F6A /* Encryption */ = {
			isa = PBXGroup;
			children = (
				997F326E1B6E6DC3000B3F6A /* AUUDataEncryption.h */,
				997F326F1B6E6DC3000B3F6A /* AUUDataEncryption.m */,
				997F32701B6E6DC3000B3F6A /* AUUStringEncryption.h */,
				997F32711B6E6DC3000B3F6A /* AUUStringEncryption.m */,
			);
			path = Encryption;
			sourceTree = "<group>";
		};
		997F32721B6E6DC3000B3F6A /* Network */ = {
			isa = PBXGroup;
			children = (
				997F32731B6E6DC3000B3F6A /* AUUImageViewSyncCache.h */,
				997F32741B6E6DC3000B3F6A /* AUUImageViewSyncCache.m */,
				997F32751B6E6DC3000B3F6A /* AUUNetworkHandler.h */,
				997F32761B6E6DC3000B3F6A /* AUUNetworkHandler.m */,
				997F32771B6E6DC3000B3F6A /* AUUURLOperation.h */,
				997F32781B6E6DC3000B3F6A /* AUUURLOperation.m */,
			);
			path = Network;
			sourceTree = "<group>";
		};
		997F32791B6E6DC3000B3F6A /* Widget */ = {
			isa = PBXGroup;
			children = (
				997F327A1B6E6DC3000B3F6A /* AUUIndicator.h */,
				997F327B1B6E6DC3000B3F6A /* AUUIndicator.m */,
				997F327C1B6E6DC3000B3F6A /* AUULaunchGuidView.h */,
				997F327D1B6E6DC3000B3F6A /* AUULaunchGuidView.m */,
				997F327E1B6E6DC3000B3F6A /* AUUPopView.h */,
				997F327F1B6E6DC3000B3F6A /* AUUPopView.m */,
				997F32801B6E6DC3000B3F6A /* AUUProgressIndicator.h */,
				997F32811B6E6DC3000B3F6A /* AUUProgressIndicator.m */,
			);
			path = Widget;
			sourceTree = "<group>";
		};
		9991B02B1B0A22DC00EC3210 = {
			isa = PBXGroup;
			children = (
				996159591B14B771009CD275 /* Frameworks */,
				9991B0371B0A22DC00EC3210 /* AUUKit */,
				9991B0441B0A22DC00EC3210 /* AUUKitTests */,
				9991B0361B0A22DC00EC3210 /* Products */,
			);
			sourceTree = "<group>";
		};
		9991B0361B0A22DC00EC3210 /* Products */ = {
			isa = PBXGroup;
			children = (
				9991B0351B0A22DC00EC3210 /* AUUKit.framework */,
				9991B0401B0A22DC00EC3210 /* AUUKitTests.xctest */,
			);
			name = Products;
			sourceTree = "<group>";
		};
		9991B0371B0A22DC00EC3210 /* AUUKit */ = {
			isa = PBXGroup;
			children = (
				997F324A1B6E6DC3000B3F6A /* AUUKit */,
				9991B0381B0A22DC00EC3210 /* Supporting Files */,
			);
			path = AUUKit;
			sourceTree = "<group>";
		};
		9991B0381B0A22DC00EC3210 /* Supporting Files */ = {
			isa = PBXGroup;
			children = (
				9991B0391B0A22DC00EC3210 /* Info.plist */,
				C95922781B0AD50400B9D1A3 /* AUUKit.pch */,
			);
			name = "Supporting Files";
			sourceTree = "<group>";
		};
		9991B0441B0A22DC00EC3210 /* AUUKitTests */ = {
			isa = PBXGroup;
			children = (
				9991B0471B0A22DC00EC3210 /* AUUKitTests.m */,
				9991B0451B0A22DC00EC3210 /* Supporting Files */,
			);
			path = AUUKitTests;
			sourceTree = "<group>";
		};
		9991B0451B0A22DC00EC3210 /* Supporting Files */ = {
			isa = PBXGroup;
			children = (
				9991B0461B0A22DC00EC3210 /* Info.plist */,
			);
			name = "Supporting Files";
			sourceTree = "<group>";
		};
/* End PBXGroup section */

/* Begin PBXHeadersBuildPhase section */
		9991B0321B0A22DC00EC3210 /* Headers */ = {
			isa = PBXHeadersBuildPhase;
			buildActionMask = 2147483647;
			files = (
				997F32891B6E6DC3000B3F6A /* AUUImageView.h in Headers */,
				997F32A61B6E6DC3000B3F6A /* AUUImageViewSyncCache.h in Headers */,
				997F32931B6E6DC3000B3F6A /* AUUNotes.h in Headers */,
				997F32B01B6E6DC3000B3F6A /* AUUPopView.h in Headers */,
				997F32B21B6E6DC3000B3F6A /* AUUProgressIndicator.h in Headers */,
				997F32831B6E6DC3000B3F6A /* AUUColor.h in Headers */,
				997F32851B6E6DC3000B3F6A /* AUUHandleView.h in Headers */,
				997F32A41B6E6DC3000B3F6A /* AUUStringEncryption.h in Headers */,
				997F32871B6E6DC3000B3F6A /* AUUImage.h in Headers */,
				997F32AA1B6E6DC3000B3F6A /* AUUURLOperation.h in Headers */,
				997F329C1B6E6DC3000B3F6A /* AUUNumber.h in Headers */,
				997F32A81B6E6DC3000B3F6A /* AUUNetworkHandler.h in Headers */,
				997F32821B6E6DC3000B3F6A /* AUUDebug.h in Headers */,
				997F32921B6E6DC3000B3F6A /* AUUMacro.h in Headers */,
				997F32AE1B6E6DC3000B3F6A /* AUULaunchGuidView.h in Headers */,
				997F32AC1B6E6DC3000B3F6A /* AUUIndicator.h in Headers */,
				997F32911B6E6DC3000B3F6A /* AUUKit.h in Headers */,
				997F32981B6E6DC3000B3F6A /* AUUJSONAdaptor.h in Headers */,
				997F32A01B6E6DC3000B3F6A /* AUUStorage.h in Headers */,
				997F329A1B6E6DC3000B3F6A /* AUUMutableArray.h in Headers */,
				997F328F1B6E6DC3000B3F6A /* AUUView.h in Headers */,
				997F328D1B6E6DC3000B3F6A /* AUUPlotView.h in Headers */,
				997F32961B6E6DC3000B3F6A /* AUUDate.h in Headers */,
				997F329E1B6E6DC3000B3F6A /* AUUString.h in Headers */,
				997F32941B6E6DC3000B3F6A /* AUUArray.h in Headers */,
				997F32A21B6E6DC3000B3F6A /* AUUDataEncryption.h in Headers */,
				997F328B1B6E6DC3000B3F6A /* AUULabel.h in Headers */,
			);
			runOnlyForDeploymentPostprocessing = 0;
		};
/* End PBXHeadersBuildPhase section */

/* Begin PBXNativeTarget section */
		9991B0341B0A22DC00EC3210 /* AUUKit */ = {
			isa = PBXNativeTarget;
			buildConfigurationList = 9991B04B1B0A22DC00EC3210 /* Build configuration list for PBXNativeTarget "AUUKit" */;
			buildPhases = (
				9991B0301B0A22DC00EC3210 /* Sources */,
				9991B0311B0A22DC00EC3210 /* Frameworks */,
				9991B0321B0A22DC00EC3210 /* Headers */,
				9991B0331B0A22DC00EC3210 /* Resources */,
			);
			buildRules = (
			);
			dependencies = (
			);
			name = AUUKit;
			productName = AUUKit;
			productReference = 9991B0351B0A22DC00EC3210 /* AUUKit.framework */;
			productType = "com.apple.product-type.framework";
		};
		9991B03F1B0A22DC00EC3210 /* AUUKitTests */ = {
			isa = PBXNativeTarget;
			buildConfigurationList = 9991B04E1B0A22DC00EC3210 /* Build configuration list for PBXNativeTarget "AUUKitTests" */;
			buildPhases = (
				9991B03C1B0A22DC00EC3210 /* Sources */,
				9991B03D1B0A22DC00EC3210 /* Frameworks */,
				9991B03E1B0A22DC00EC3210 /* Resources */,
			);
			buildRules = (
			);
			dependencies = (
				9991B0431B0A22DC00EC3210 /* PBXTargetDependency */,
			);
			name = AUUKitTests;
			productName = AUUKitTests;
			productReference = 9991B0401B0A22DC00EC3210 /* AUUKitTests.xctest */;
			productType = "com.apple.product-type.bundle.unit-test";
		};
/* End PBXNativeTarget section */

/* Begin PBXProject section */
		9991B02C1B0A22DC00EC3210 /* Project object */ = {
			isa = PBXProject;
			attributes = {
				LastUpgradeCheck = 0630;
				ORGANIZATIONNAME = "胡金友";
				TargetAttributes = {
					995319571B0A26CD0021704F = {
						CreatedOnToolsVersion = 6.3.1;
					};
					9991B0341B0A22DC00EC3210 = {
						CreatedOnToolsVersion = 6.3.1;
					};
					9991B03F1B0A22DC00EC3210 = {
						CreatedOnToolsVersion = 6.3.1;
					};
				};
			};
			buildConfigurationList = 9991B02F1B0A22DC00EC3210 /* Build configuration list for PBXProject "AUUKit" */;
			compatibilityVersion = "Xcode 3.2";
			developmentRegion = English;
			hasScannedForEncodings = 0;
			knownRegions = (
				en,
			);
			mainGroup = 9991B02B1B0A22DC00EC3210;
			productRefGroup = 9991B0361B0A22DC00EC3210 /* Products */;
			projectDirPath = "";
			projectRoot = "";
			targets = (
				9991B0341B0A22DC00EC3210 /* AUUKit */,
				9991B03F1B0A22DC00EC3210 /* AUUKitTests */,
				995319571B0A26CD0021704F /* AUUKitAggregate */,
			);
		};
/* End PBXProject section */

/* Begin PBXResourcesBuildPhase section */
		9991B0331B0A22DC00EC3210 /* Resources */ = {
			isa = PBXResourcesBuildPhase;
			buildActionMask = 2147483647;
			files = (
			);
			runOnlyForDeploymentPostprocessing = 0;
		};
		9991B03E1B0A22DC00EC3210 /* Resources */ = {
			isa = PBXResourcesBuildPhase;
			buildActionMask = 2147483647;
			files = (
			);
			runOnlyForDeploymentPostprocessing = 0;
		};
/* End PBXResourcesBuildPhase section */

/* Begin PBXShellScriptBuildPhase section */
		9953195B1B0A26E60021704F /* ShellScript */ = {
			isa = PBXShellScriptBuildPhase;
			buildActionMask = 2147483647;
			files = (
			);
			inputPaths = (
			);
			outputPaths = (
			);
			runOnlyForDeploymentPostprocessing = 0;
			shellPath = /bin/sh;
			shellScript = "# Sets the target folders and the final framework product.\n# 如果工程名称和Framework的Target名称不一样的话，要自定义FMKNAME\n# 例如: FMK_NAME = \"MyFramework\"\nFMK_NAME=${PROJECT_NAME}\n# Install dir will be the final output to the framework.\n# The following line create it in the root folder of the current project.\nINSTALL_DIR=${SRCROOT}/Products/${FMK_NAME}.framework\n# Working dir will be deleted after the framework creation.\nWRK_DIR=build\nDEVICE_DIR=${WRK_DIR}/Release-iphoneos/${FMK_NAME}.framework\nSIMULATOR_DIR=${WRK_DIR}/Release-iphonesimulator/${FMK_NAME}.framework\n# -configuration ${CONFIGURATION}\n# Clean and Building both architectures.\nxcodebuild -configuration \"Release\" -target \"${FMK_NAME}\" -sdk iphoneos clean build\nxcodebuild -configuration \"Release\" -target \"${FMK_NAME}\" -sdk iphonesimulator clean build\n# Cleaning the oldest.\nif [ -d \"${INSTALL_DIR}\" ]\nthen\nrm -rf \"${INSTALL_DIR}\"\nfi\nmkdir -p \"${INSTALL_DIR}\"\ncp -R \"${DEVICE_DIR}/\" \"${INSTALL_DIR}/\"\n# Uses the Lipo Tool to merge both binary files (i386 + armv6/armv7) into one Universal final product.\nlipo -create \"${DEVICE_DIR}/${FMK_NAME}\" \"${SIMULATOR_DIR}/${FMK_NAME}\" -output \"${INSTALL_DIR}/${FMK_NAME}\"\nrm -r \"${WRK_DIR}\"\nopen \"${INSTALL_DIR}\"";
		};
/* End PBXShellScriptBuildPhase section */

/* Begin PBXSourcesBuildPhase section */
		9991B0301B0A22DC00EC3210 /* Sources */ = {
			isa = PBXSourcesBuildPhase;
			buildActionMask = 2147483647;
			files = (
				997F32B11B6E6DC3000B3F6A /* AUUPopView.m in Sources */,
				997F32971B6E6DC3000B3F6A /* AUUDate.m in Sources */,
				997F32A11B6E6DC3000B3F6A /* AUUStorage.m in Sources */,
				997F328C1B6E6DC3000B3F6A /* AUULabel.m in Sources */,
				997F32A91B6E6DC3000B3F6A /* AUUNetworkHandler.m in Sources */,
				997F32901B6E6DC3000B3F6A /* AUUView.m in Sources */,
				997F32AF1B6E6DC3000B3F6A /* AUULaunchGuidView.m in Sources */,
				997F32AD1B6E6DC3000B3F6A /* AUUIndicator.m in Sources */,
				997F32861B6E6DC3000B3F6A /* AUUHandleView.m in Sources */,
				997F329B1B6E6DC3000B3F6A /* AUUMutableArray.m in Sources */,
				997F32B31B6E6DC3000B3F6A /* AUUProgressIndicator.m in Sources */,
				997F32881B6E6DC3000B3F6A /* AUUImage.m in Sources */,
				997F32A31B6E6DC3000B3F6A /* AUUDataEncryption.m in Sources */,
				997F32A71B6E6DC3000B3F6A /* AUUImageViewSyncCache.m in Sources */,
				997F32991B6E6DC3000B3F6A /* AUUJSONAdaptor.m in Sources */,
				997F328A1B6E6DC3000B3F6A /* AUUImageView.m in Sources */,
				997F32841B6E6DC3000B3F6A /* AUUColor.m in Sources */,
				997F329F1B6E6DC3000B3F6A /* AUUString.m in Sources */,
				997F328E1B6E6DC3000B3F6A /* AUUPlotView.m in Sources */,
				997F32A51B6E6DC3000B3F6A /* AUUStringEncryption.m in Sources */,
				997F329D1B6E6DC3000B3F6A /* AUUNumber.m in Sources */,
				997F32AB1B6E6DC3000B3F6A /* AUUURLOperation.m in Sources */,
				997F32951B6E6DC3000B3F6A /* AUUArray.m in Sources */,
			);
			runOnlyForDeploymentPostprocessing = 0;
		};
		9991B03C1B0A22DC00EC3210 /* Sources */ = {
			isa = PBXSourcesBuildPhase;
			buildActionMask = 2147483647;
			files = (
				9991B0481B0A22DC00EC3210 /* AUUKitTests.m in Sources */,
			);
			runOnlyForDeploymentPostprocessing = 0;
		};
/* End PBXSourcesBuildPhase section */

/* Begin PBXTargetDependency section */
		9991B0431B0A22DC00EC3210 /* PBXTargetDependency */ = {
			isa = PBXTargetDependency;
			target = 9991B0341B0A22DC00EC3210 /* AUUKit */;
			targetProxy = 9991B0421B0A22DC00EC3210 /* PBXContainerItemProxy */;
		};
/* End PBXTargetDependency section */

/* Begin XCBuildConfiguration section */
		995319581B0A26CD0021704F /* Debug */ = {
			isa = XCBuildConfiguration;
			buildSettings = {
				PRODUCT_NAME = "$(TARGET_NAME)";
			};
			name = Debug;
		};
		995319591B0A26CD0021704F /* Release */ = {
			isa = XCBuildConfiguration;
			buildSettings = {
				PRODUCT_NAME = "$(TARGET_NAME)";
			};
			name = Release;
		};
		9991B0491B0A22DC00EC3210 /* Debug */ = {
			isa = XCBuildConfiguration;
			buildSettings = {
				ALWAYS_SEARCH_USER_PATHS = NO;
				CLANG_CXX_LANGUAGE_STANDARD = "gnu++0x";
				CLANG_CXX_LIBRARY = "libc++";
				CLANG_ENABLE_MODULES = YES;
				CLANG_ENABLE_OBJC_ARC = YES;
				CLANG_WARN_BOOL_CONVERSION = YES;
				CLANG_WARN_CONSTANT_CONVERSION = YES;
				CLANG_WARN_DIRECT_OBJC_ISA_USAGE = YES_ERROR;
				CLANG_WARN_EMPTY_BODY = YES;
				CLANG_WARN_ENUM_CONVERSION = YES;
				CLANG_WARN_INT_CONVERSION = YES;
				CLANG_WARN_OBJC_ROOT_CLASS = YES_ERROR;
				CLANG_WARN_UNREACHABLE_CODE = YES;
				CLANG_WARN__DUPLICATE_METHOD_MATCH = YES;
				"CODE_SIGN_IDENTITY[sdk=iphoneos*]" = "iPhone Developer";
				COPY_PHASE_STRIP = NO;
				CURRENT_PROJECT_VERSION = 1;
				DEBUG_INFORMATION_FORMAT = "dwarf-with-dsym";
				ENABLE_STRICT_OBJC_MSGSEND = YES;
				GCC_C_LANGUAGE_STANDARD = gnu99;
				GCC_DYNAMIC_NO_PIC = NO;
				GCC_NO_COMMON_BLOCKS = YES;
				GCC_OPTIMIZATION_LEVEL = 0;
				GCC_PREPROCESSOR_DEFINITIONS = (
					"DEBUG=1",
					"$(inherited)",
				);
				GCC_SYMBOLS_PRIVATE_EXTERN = NO;
				GCC_WARN_64_TO_32_BIT_CONVERSION = YES;
				GCC_WARN_ABOUT_RETURN_TYPE = YES_ERROR;
				GCC_WARN_UNDECLARED_SELECTOR = YES;
				GCC_WARN_UNINITIALIZED_AUTOS = YES_AGGRESSIVE;
				GCC_WARN_UNUSED_FUNCTION = YES;
				GCC_WARN_UNUSED_VARIABLE = YES;
				IPHONEOS_DEPLOYMENT_TARGET = 6.0;
				MTL_ENABLE_DEBUG_INFO = YES;
				ONLY_ACTIVE_ARCH = YES;
				SDKROOT = iphoneos;
				TARGETED_DEVICE_FAMILY = "1,2";
				VALID_ARCHS = "arm64 armv7 armv7s x86_64";
				VERSIONING_SYSTEM = "apple-generic";
				VERSION_INFO_PREFIX = "";
			};
			name = Debug;
		};
		9991B04A1B0A22DC00EC3210 /* Release */ = {
			isa = XCBuildConfiguration;
			buildSettings = {
				ALWAYS_SEARCH_USER_PATHS = NO;
				CLANG_CXX_LANGUAGE_STANDARD = "gnu++0x";
				CLANG_CXX_LIBRARY = "libc++";
				CLANG_ENABLE_MODULES = YES;
				CLANG_ENABLE_OBJC_ARC = YES;
				CLANG_WARN_BOOL_CONVERSION = YES;
				CLANG_WARN_CONSTANT_CONVERSION = YES;
				CLANG_WARN_DIRECT_OBJC_ISA_USAGE = YES_ERROR;
				CLANG_WARN_EMPTY_BODY = YES;
				CLANG_WARN_ENUM_CONVERSION = YES;
				CLANG_WARN_INT_CONVERSION = YES;
				CLANG_WARN_OBJC_ROOT_CLASS = YES_ERROR;
				CLANG_WARN_UNREACHABLE_CODE = YES;
				CLANG_WARN__DUPLICATE_METHOD_MATCH = YES;
				"CODE_SIGN_IDENTITY[sdk=iphoneos*]" = "iPhone Developer";
				COPY_PHASE_STRIP = NO;
				CURRENT_PROJECT_VERSION = 1;
				DEBUG_INFORMATION_FORMAT = "dwarf-with-dsym";
				ENABLE_NS_ASSERTIONS = NO;
				ENABLE_STRICT_OBJC_MSGSEND = YES;
				GCC_C_LANGUAGE_STANDARD = gnu99;
				GCC_NO_COMMON_BLOCKS = YES;
				GCC_WARN_64_TO_32_BIT_CONVERSION = YES;
				GCC_WARN_ABOUT_RETURN_TYPE = YES_ERROR;
				GCC_WARN_UNDECLARED_SELECTOR = YES;
				GCC_WARN_UNINITIALIZED_AUTOS = YES_AGGRESSIVE;
				GCC_WARN_UNUSED_FUNCTION = YES;
				GCC_WARN_UNUSED_VARIABLE = YES;
				IPHONEOS_DEPLOYMENT_TARGET = 6.0;
				MTL_ENABLE_DEBUG_INFO = NO;
				SDKROOT = iphoneos;
				TARGETED_DEVICE_FAMILY = "1,2";
				VALIDATE_PRODUCT = YES;
				VALID_ARCHS = "arm64 armv7 armv7s x86_64";
				VERSIONING_SYSTEM = "apple-generic";
				VERSION_INFO_PREFIX = "";
			};
			name = Release;
		};
		9991B04C1B0A22DC00EC3210 /* Debug */ = {
			isa = XCBuildConfiguration;
			buildSettings = {
				ARCHS = "$(ARCHS_STANDARD)";
				DEFINES_MODULE = YES;
				DYLIB_COMPATIBILITY_VERSION = 1;
				DYLIB_CURRENT_VERSION = 1;
				DYLIB_INSTALL_NAME_BASE = "@rpath";
				GCC_PRECOMPILE_PREFIX_HEADER = YES;
				GCC_PREFIX_HEADER = "${SRCROOT}/AUUKit/AUUKit.pch";
				INFOPLIST_FILE = AUUKit/Info.plist;
				INSTALL_PATH = "$(LOCAL_LIBRARY_DIR)/Frameworks";
				IPHONEOS_DEPLOYMENT_TARGET = 6.0;
				LD_RUNPATH_SEARCH_PATHS = "$(inherited) @executable_path/Frameworks @loader_path/Frameworks";
				ONLY_ACTIVE_ARCH = NO;
				PRODUCT_NAME = "$(TARGET_NAME)";
				SKIP_INSTALL = YES;
				VALID_ARCHS = "arm64 armv7 armv7s x86_64";
			};
			name = Debug;
		};
		9991B04D1B0A22DC00EC3210 /* Release */ = {
			isa = XCBuildConfiguration;
			buildSettings = {
				ARCHS = "$(ARCHS_STANDARD)";
				DEFINES_MODULE = YES;
				DYLIB_COMPATIBILITY_VERSION = 1;
				DYLIB_CURRENT_VERSION = 1;
				DYLIB_INSTALL_NAME_BASE = "@rpath";
				GCC_PRECOMPILE_PREFIX_HEADER = YES;
				GCC_PREFIX_HEADER = "${SRCROOT}/AUUKit/AUUKit.pch";
				INFOPLIST_FILE = AUUKit/Info.plist;
				INSTALL_PATH = "$(LOCAL_LIBRARY_DIR)/Frameworks";
				IPHONEOS_DEPLOYMENT_TARGET = 6.0;
				LD_RUNPATH_SEARCH_PATHS = "$(inherited) @executable_path/Frameworks @loader_path/Frameworks";
				ONLY_ACTIVE_ARCH = NO;
				PRODUCT_NAME = "$(TARGET_NAME)";
				SKIP_INSTALL = YES;
				VALID_ARCHS = "arm64 armv7 armv7s x86_64";
			};
			name = Release;
		};
		9991B04F1B0A22DC00EC3210 /* Debug */ = {
			isa = XCBuildConfiguration;
			buildSettings = {
				FRAMEWORK_SEARCH_PATHS = (
					"$(SDKROOT)/Developer/Library/Frameworks",
					"$(inherited)",
				);
				GCC_PREPROCESSOR_DEFINITIONS = (
					"DEBUG=1",
					"$(inherited)",
				);
				INFOPLIST_FILE = AUUKitTests/Info.plist;
				LD_RUNPATH_SEARCH_PATHS = "$(inherited) @executable_path/Frameworks @loader_path/Frameworks";
				PRODUCT_NAME = "$(TARGET_NAME)";
			};
			name = Debug;
		};
		9991B0501B0A22DC00EC3210 /* Release */ = {
			isa = XCBuildConfiguration;
			buildSettings = {
				FRAMEWORK_SEARCH_PATHS = (
					"$(SDKROOT)/Developer/Library/Frameworks",
					"$(inherited)",
				);
				INFOPLIST_FILE = AUUKitTests/Info.plist;
				LD_RUNPATH_SEARCH_PATHS = "$(inherited) @executable_path/Frameworks @loader_path/Frameworks";
				PRODUCT_NAME = "$(TARGET_NAME)";
			};
			name = Release;
		};
/* End XCBuildConfiguration section */

/* Begin XCConfigurationList section */
		9953195A1B0A26CD0021704F /* Build configuration list for PBXAggregateTarget "AUUKitAggregate" */ = {
			isa = XCConfigurationList;
			buildConfigurations = (
				995319581B0A26CD0021704F /* Debug */,
				995319591B0A26CD0021704F /* Release */,
			);
			defaultConfigurationIsVisible = 0;
			defaultConfigurationName = Release;
		};
		9991B02F1B0A22DC00EC3210 /* Build configuration list for PBXProject "AUUKit" */ = {
			isa = XCConfigurationList;
			buildConfigurations = (
				9991B0491B0A22DC00EC3210 /* Debug */,
				9991B04A1B0A22DC00EC3210 /* Release */,
			);
			defaultConfigurationIsVisible = 0;
			defaultConfigurationName = Release;
		};
		9991B04B1B0A22DC00EC3210 /* Build configuration list for PBXNativeTarget "AUUKit" */ = {
			isa = XCConfigurationList;
			buildConfigurations = (
				9991B04C1B0A22DC00EC3210 /* Debug */,
				9991B04D1B0A22DC00EC3210 /* Release */,
			);
			defaultConfigurationIsVisible = 0;
			defaultConfigurationName = Release;
		};
		9991B04E1B0A22DC00EC3210 /* Build configuration list for PBXNativeTarget "AUUKitTests" */ = {
			isa = XCConfigurationList;
			buildConfigurations = (
				9991B04F1B0A22DC00EC3210 /* Debug */,
				9991B0501B0A22DC00EC3210 /* Release */,
			);
			defaultConfigurationIsVisible = 0;
			defaultConfigurationName = Release;
		};
/* End XCConfigurationList section */
	};
	rootObject = 9991B02C1B0A22DC00EC3210 /* Project object */;
}
